// !$*UTF8*$!
{
	archiveVersion = 1;
	classes = {
	};
	objectVersion = 56;
	objects = {

/* Begin PBXBuildFile section */
		06C46E6B2B92CBC200F1D4E7 /* AppDelegate.swift in Sources */ = {isa = PBXBuildFile; fileRef = 06C46E6A2B92CBC200F1D4E7 /* AppDelegate.swift */; };
		06C46E6D2B92CBC200F1D4E7 /* SceneDelegate.swift in Sources */ = {isa = PBXBuildFile; fileRef = 06C46E6C2B92CBC200F1D4E7 /* SceneDelegate.swift */; };
		06C46E6F2B92CBC200F1D4E7 /* ViewController.swift in Sources */ = {isa = PBXBuildFile; fileRef = 06C46E6E2B92CBC200F1D4E7 /* ViewController.swift */; };
		06C46E722B92CBC200F1D4E7 /* Main.storyboard in Resources */ = {isa = PBXBuildFile; fileRef = 06C46E702B92CBC200F1D4E7 /* Main.storyboard */; };
		06C46E742B92CBC400F1D4E7 /* Assets.xcassets in Resources */ = {isa = PBXBuildFile; fileRef = 06C46E732B92CBC400F1D4E7 /* Assets.xcassets */; };
		06C46E772B92CBC400F1D4E7 /* LaunchScreen.storyboard in Resources */ = {isa = PBXBuildFile; fileRef = 06C46E752B92CBC400F1D4E7 /* LaunchScreen.storyboard */; };
		06C46E822B92CBC400F1D4E7 /* Mutithreading_in_SwiftTests.swift in Sources */ = {isa = PBXBuildFile; fileRef = 06C46E812B92CBC400F1D4E7 /* Mutithreading_in_SwiftTests.swift */; };
		06C46E8C2B92CBC400F1D4E7 /* Mutithreading_in_SwiftUITests.swift in Sources */ = {isa = PBXBuildFile; fileRef = 06C46E8B2B92CBC400F1D4E7 /* Mutithreading_in_SwiftUITests.swift */; };
		06C46E8E2B92CBC400F1D4E7 /* Mutithreading_in_SwiftUITestsLaunchTests.swift in Sources */ = {isa = PBXBuildFile; fileRef = 06C46E8D2B92CBC400F1D4E7 /* Mutithreading_in_SwiftUITestsLaunchTests.swift */; };
/* End PBXBuildFile section */

/* Begin PBXContainerItemProxy section */
		06C46E7E2B92CBC400F1D4E7 /* PBXContainerItemProxy */ = {
			isa = PBXContainerItemProxy;
			containerPortal = 06C46E5F2B92CBC200F1D4E7 /* Project object */;
			proxyType = 1;
			remoteGlobalIDString = 06C46E662B92CBC200F1D4E7;
			remoteInfo = "Mutithreading in Swift";
		};
		06C46E882B92CBC400F1D4E7 /* PBXContainerItemProxy */ = {
			isa = PBXContainerItemProxy;
			containerPortal = 06C46E5F2B92CBC200F1D4E7 /* Project object */;
			proxyType = 1;
			remoteGlobalIDString = 06C46E662B92CBC200F1D4E7;
			remoteInfo = "Mutithreading in Swift";
		};
/* End PBXContainerItemProxy section */

/* Begin PBXFileReference section */
		06C46E672B92CBC200F1D4E7 /* Mutithreading in Swift.app */ = {isa = PBXFileReference; explicitFileType = wrapper.application; includeInIndex = 0; path = "Mutithreading in Swift.app"; sourceTree = BUILT_PRODUCTS_DIR; };
		06C46E6A2B92CBC200F1D4E7 /* AppDelegate.swift */ = {isa = PBXFileReference; lastKnownFileType = sourcecode.swift; path = AppDelegate.swift; sourceTree = "<group>"; };
		06C46E6C2B92CBC200F1D4E7 /* SceneDelegate.swift */ = {isa = PBXFileReference; lastKnownFileType = sourcecode.swift; path = SceneDelegate.swift; sourceTree = "<group>"; };
		06C46E6E2B92CBC200F1D4E7 /* ViewController.swift */ = {isa = PBXFileReference; lastKnownFileType = sourcecode.swift; path = ViewController.swift; sourceTree = "<group>"; };
		06C46E712B92CBC200F1D4E7 /* Base */ = {isa = PBXFileReference; lastKnownFileType = file.storyboard; name = Base; path = Base.lproj/Main.storyboard; sourceTree = "<group>"; };
		06C46E732B92CBC400F1D4E7 /* Assets.xcassets */ = {isa = PBXFileReference; lastKnownFileType = folder.assetcatalog; path = Assets.xcassets; sourceTree = "<group>"; };
		06C46E762B92CBC400F1D4E7 /* Base */ = {isa = PBXFileReference; lastKnownFileType = file.storyboard; name = Base; path = Base.lproj/LaunchScreen.storyboard; sourceTree = "<group>"; };
		06C46E782B92CBC400F1D4E7 /* Info.plist */ = {isa = PBXFileReference; lastKnownFileType = text.plist.xml; path = Info.plist; sourceTree = "<group>"; };
		06C46E7D2B92CBC400F1D4E7 /* Mutithreading in SwiftTests.xctest */ = {isa = PBXFileReference; explicitFileType = wrapper.cfbundle; includeInIndex = 0; path = "Mutithreading in SwiftTests.xctest"; sourceTree = BUILT_PRODUCTS_DIR; };
		06C46E812B92CBC400F1D4E7 /* Mutithreading_in_SwiftTests.swift */ = {isa = PBXFileReference; lastKnownFileType = sourcecode.swift; path = Mutithreading_in_SwiftTests.swift; sourceTree = "<group>"; };
		06C46E872B92CBC400F1D4E7 /* Mutithreading in SwiftUITests.xctest */ = {isa = PBXFileReference; explicitFileType = wrapper.cfbundle; includeInIndex = 0; path = "Mutithreading in SwiftUITests.xctest"; sourceTree = BUILT_PRODUCTS_DIR; };
		06C46E8B2B92CBC400F1D4E7 /* Mutithreading_in_SwiftUITests.swift */ = {isa = PBXFileReference; lastKnownFileType = sourcecode.swift; path = Mutithreading_in_SwiftUITests.swift; sourceTree = "<group>"; };
		06C46E8D2B92CBC400F1D4E7 /* Mutithreading_in_SwiftUITestsLaunchTests.swift */ = {isa = PBXFileReference; lastKnownFileType = sourcecode.swift; path = Mutithreading_in_SwiftUITestsLaunchTests.swift; sourceTree = "<group>"; };
/* End PBXFileReference section */

/* Begin PBXFrameworksBuildPhase section */
		06C46E642B92CBC200F1D4E7 /* Frameworks */ = {
			isa = PBXFrameworksBuildPhase;
			buildActionMask = 2147483647;
			files = (
			);
			runOnlyForDeploymentPostprocessing = 0;
		};
		06C46E7A2B92CBC400F1D4E7 /* Frameworks */ = {
			isa = PBXFrameworksBuildPhase;
			buildActionMask = 2147483647;
			files = (
			);
			runOnlyForDeploymentPostprocessing = 0;
		};
		06C46E842B92CBC400F1D4E7 /* Frameworks */ = {
			isa = PBXFrameworksBuildPhase;
			buildActionMask = 2147483647;
			files = (
			);
			runOnlyForDeploymentPostprocessing = 0;
		};
/* End PBXFrameworksBuildPhase section */

/* Begin PBXGroup section */
		06C46E5E2B92CBC200F1D4E7 = {
			isa = PBXGroup;
			children = (
				06C46E692B92CBC200F1D4E7 /* Mutithreading in Swift */,
				06C46E802B92CBC400F1D4E7 /* Mutithreading in SwiftTests */,
				06C46E8A2B92CBC400F1D4E7 /* Mutithreading in SwiftUITests */,
				06C46E682B92CBC200F1D4E7 /* Products */,
			);
			sourceTree = "<group>";
		};
		06C46E682B92CBC200F1D4E7 /* Products */ = {
			isa = PBXGroup;
			children = (
				06C46E672B92CBC200F1D4E7 /* Mutithreading in Swift.app */,
				06C46E7D2B92CBC400F1D4E7 /* Mutithreading in SwiftTests.xctest */,
				06C46E872B92CBC400F1D4E7 /* Mutithreading in SwiftUITests.xctest */,
			);
			name = Products;
			sourceTree = "<group>";
		};
		06C46E692B92CBC200F1D4E7 /* Mutithreading in Swift */ = {
			isa = PBXGroup;
			children = (
				06C46E6A2B92CBC200F1D4E7 /* AppDelegate.swift */,
				06C46E6C2B92CBC200F1D4E7 /* SceneDelegate.swift */,
				06C46E6E2B92CBC200F1D4E7 /* ViewController.swift */,
				06C46E702B92CBC200F1D4E7 /* Main.storyboard */,
				06C46E732B92CBC400F1D4E7 /* Assets.xcassets */,
				06C46E752B92CBC400F1D4E7 /* LaunchScreen.storyboard */,
				06C46E782B92CBC400F1D4E7 /* Info.plist */,
			);
			path = "Mutithreading in Swift";
			sourceTree = "<group>";
		};
		06C46E802B92CBC400F1D4E7 /* Mutithreading in SwiftTests */ = {
			isa = PBXGroup;
			children = (
				06C46E812B92CBC400F1D4E7 /* Mutithreading_in_SwiftTests.swift */,
			);
			path = "Mutithreading in SwiftTests";
			sourceTree = "<group>";
		};
		06C46E8A2B92CBC400F1D4E7 /* Mutithreading in SwiftUITests */ = {
			isa = PBXGroup;
			children = (
				06C46E8B2B92CBC400F1D4E7 /* Mutithreading_in_SwiftUITests.swift */,
				06C46E8D2B92CBC400F1D4E7 /* Mutithreading_in_SwiftUITestsLaunchTests.swift */,
			);
			path = "Mutithreading in SwiftUITests";
			sourceTree = "<group>";
		};
/* End PBXGroup section */

/* Begin PBXNativeTarget section */
		06C46E662B92CBC200F1D4E7 /* Mutithreading in Swift */ = {
			isa = PBXNativeTarget;
			buildConfigurationList = 06C46E912B92CBC400F1D4E7 /* Build configuration list for PBXNativeTarget "Mutithreading in Swift" */;
			buildPhases = (
				06C46E632B92CBC200F1D4E7 /* Sources */,
				06C46E642B92CBC200F1D4E7 /* Frameworks */,
				06C46E652B92CBC200F1D4E7 /* Resources */,
			);
			buildRules = (
			);
			dependencies = (
			);
			name = "Mutithreading in Swift";
			productName = "Mutithreading in Swift";
			productReference = 06C46E672B92CBC200F1D4E7 /* Mutithreading in Swift.app */;
			productType = "com.apple.product-type.application";
		};
		06C46E7C2B92CBC400F1D4E7 /* Mutithreading in SwiftTests */ = {
			isa = PBXNativeTarget;
			buildConfigurationList = 06C46E942B92CBC400F1D4E7 /* Build configuration list for PBXNativeTarget "Mutithreading in SwiftTests" */;
			buildPhases = (
				06C46E792B92CBC400F1D4E7 /* Sources */,
				06C46E7A2B92CBC400F1D4E7 /* Frameworks */,
				06C46E7B2B92CBC400F1D4E7 /* Resources */,
			);
			buildRules = (
			);
			dependencies = (
				06C46E7F2B92CBC400F1D4E7 /* PBXTargetDependency */,
			);
			name = "Mutithreading in SwiftTests";
			productName = "Mutithreading in SwiftTests";
			productReference = 06C46E7D2B92CBC400F1D4E7 /* Mutithreading in SwiftTests.xctest */;
			productType = "com.apple.product-type.bundle.unit-test";
		};
		06C46E862B92CBC400F1D4E7 /* Mutithreading in SwiftUITests */ = {
			isa = PBXNativeTarget;
			buildConfigurationList = 06C46E972B92CBC400F1D4E7 /* Build configuration list for PBXNativeTarget "Mutithreading in SwiftUITests" */;
			buildPhases = (
				06C46E832B92CBC400F1D4E7 /* Sources */,
				06C46E842B92CBC400F1D4E7 /* Frameworks */,
				06C46E852B92CBC400F1D4E7 /* Resources */,
			);
			buildRules = (
			);
			dependencies = (
				06C46E892B92CBC400F1D4E7 /* PBXTargetDependency */,
			);
			name = "Mutithreading in SwiftUITests";
			productName = "Mutithreading in SwiftUITests";
			productReference = 06C46E872B92CBC400F1D4E7 /* Mutithreading in SwiftUITests.xctest */;
			productType = "com.apple.product-type.bundle.ui-testing";
		};
/* End PBXNativeTarget section */

/* Begin PBXProject section */
		06C46E5F2B92CBC200F1D4E7 /* Project object */ = {
			isa = PBXProject;
			attributes = {
				BuildIndependentTargetsInParallel = 1;
				LastSwiftUpdateCheck = 1520;
				LastUpgradeCheck = 1520;
				TargetAttributes = {
					06C46E662B92CBC200F1D4E7 = {
						CreatedOnToolsVersion = 15.2;
					};
					06C46E7C2B92CBC400F1D4E7 = {
						CreatedOnToolsVersion = 15.2;
						TestTargetID = 06C46E662B92CBC200F1D4E7;
					};
					06C46E862B92CBC400F1D4E7 = {
						CreatedOnToolsVersion = 15.2;
						TestTargetID = 06C46E662B92CBC200F1D4E7;
					};
				};
			};
			buildConfigurationList = 06C46E622B92CBC200F1D4E7 /* Build configuration list for PBXProject "Mutithreading in Swift" */;
			compatibilityVersion = "Xcode 14.0";
			developmentRegion = en;
			hasScannedForEncodings = 0;
			knownRegions = (
				en,
				Base,
			);
			mainGroup = 06C46E5E2B92CBC200F1D4E7;
			productRefGroup = 06C46E682B92CBC200F1D4E7 /* Products */;
			projectDirPath = "";
			projectRoot = "";
			targets = (
				06C46E662B92CBC200F1D4E7 /* Mutithreading in Swift */,
				06C46E7C2B92CBC400F1D4E7 /* Mutithreading in SwiftTests */,
				06C46E862B92CBC400F1D4E7 /* Mutithreading in SwiftUITests */,
			);
		};
/* End PBXProject section */

/* Begin PBXResourcesBuildPhase section */
		06C46E652B92CBC200F1D4E7 /* Resources */ = {
			isa = PBXResourcesBuildPhase;
			buildActionMask = 2147483647;
			files = (
				06C46E772B92CBC400F1D4E7 /* LaunchScreen.storyboard in Resources */,
				06C46E742B92CBC400F1D4E7 /* Assets.xcassets in Resources */,
				06C46E722B92CBC200F1D4E7 /* Main.storyboard in Resources */,
			);
			runOnlyForDeploymentPostprocessing = 0;
		};
		06C46E7B2B92CBC400F1D4E7 /* Resources */ = {
			isa = PBXResourcesBuildPhase;
			buildActionMask = 2147483647;
			files = (
			);
			runOnlyForDeploymentPostprocessing = 0;
		};
		06C46E852B92CBC400F1D4E7 /* Resources */ = {
			isa = PBXResourcesBuildPhase;
			buildActionMask = 2147483647;
			files = (
			);
			runOnlyForDeploymentPostprocessing = 0;
		};
/* End PBXResourcesBuildPhase section */

/* Begin PBXSourcesBuildPhase section */
		06C46E632B92CBC200F1D4E7 /* Sources */ = {
			isa = PBXSourcesBuildPhase;
			buildActionMask = 2147483647;
			files = (
				06C46E6F2B92CBC200F1D4E7 /* ViewController.swift in Sources */,
				06C46E6B2B92CBC200F1D4E7 /* AppDelegate.swift in Sources */,
				06C46E6D2B92CBC200F1D4E7 /* SceneDelegate.swift in Sources */,
			);
			runOnlyForDeploymentPostprocessing = 0;
		};
		06C46E792B92CBC400F1D4E7 /* Sources */ = {
			isa = PBXSourcesBuildPhase;
			buildActionMask = 2147483647;
			files = (
				06C46E822B92CBC400F1D4E7 /* Mutithreading_in_SwiftTests.swift in Sources */,
			);
			runOnlyForDeploymentPostprocessing = 0;
		};
		06C46E832B92CBC400F1D4E7 /* Sources */ = {
			isa = PBXSourcesBuildPhase;
			buildActionMask = 2147483647;
			files = (
				06C46E8C2B92CBC400F1D4E7 /* Mutithreading_in_SwiftUITests.swift in Sources */,
				06C46E8E2B92CBC400F1D4E7 /* Mutithreading_in_SwiftUITestsLaunchTests.swift in Sources */,
			);
			runOnlyForDeploymentPostprocessing = 0;
		};
/* End PBXSourcesBuildPhase section */

/* Begin PBXTargetDependency section */
		06C46E7F2B92CBC400F1D4E7 /* PBXTargetDependency */ = {
			isa = PBXTargetDependency;
			target = 06C46E662B92CBC200F1D4E7 /* Mutithreading in Swift */;
			targetProxy = 06C46E7E2B92CBC400F1D4E7 /* PBXContainerItemProxy */;
		};
		06C46E892B92CBC400F1D4E7 /* PBXTargetDependency */ = {
			isa = PBXTargetDependency;
			target = 06C46E662B92CBC200F1D4E7 /* Mutithreading in Swift */;
			targetProxy = 06C46E882B92CBC400F1D4E7 /* PBXContainerItemProxy */;
		};
/* End PBXTargetDependency section */

/* Begin PBXVariantGroup section */
		06C46E702B92CBC200F1D4E7 /* Main.storyboard */ = {
			isa = PBXVariantGroup;
			children = (
				06C46E712B92CBC200F1D4E7 /* Base */,
			);
			name = Main.storyboard;
			sourceTree = "<group>";
		};
		06C46E752B92CBC400F1D4E7 /* LaunchScreen.storyboard */ = {
			isa = PBXVariantGroup;
			children = (
				06C46E762B92CBC400F1D4E7 /* Base */,
			);
			name = LaunchScreen.storyboard;
			sourceTree = "<group>";
		};
/* End PBXVariantGroup section */

/* Begin XCBuildConfiguration section */
		06C46E8F2B92CBC400F1D4E7 /* Debug */ = {
			isa = XCBuildConfiguration;
			buildSettings = {
				ALWAYS_SEARCH_USER_PATHS = NO;
				ASSETCATALOG_COMPILER_GENERATE_SWIFT_ASSET_SYMBOL_EXTENSIONS = YES;
				CLANG_ANALYZER_NONNULL = YES;
				CLANG_ANALYZER_NUMBER_OBJECT_CONVERSION = YES_AGGRESSIVE;
				CLANG_CXX_LANGUAGE_STANDARD = "gnu++20";
				CLANG_ENABLE_MODULES = YES;
				CLANG_ENABLE_OBJC_ARC = YES;
				CLANG_ENABLE_OBJC_WEAK = YES;
				CLANG_WARN_BLOCK_CAPTURE_AUTORELEASING = YES;
				CLANG_WARN_BOOL_CONVERSION = YES;
				CLANG_WARN_COMMA = YES;
				CLANG_WARN_CONSTANT_CONVERSION = YES;
				CLANG_WARN_DEPRECATED_OBJC_IMPLEMENTATIONS = YES;
				CLANG_WARN_DIRECT_OBJC_ISA_USAGE = YES_ERROR;
				CLANG_WARN_DOCUMENTATION_COMMENTS = YES;
				CLANG_WARN_EMPTY_BODY = YES;
				CLANG_WARN_ENUM_CONVERSION = YES;
				CLANG_WARN_INFINITE_RECURSION = YES;
				CLANG_WARN_INT_CONVERSION = YES;
				CLANG_WARN_NON_LITERAL_NULL_CONVERSION = YES;
				CLANG_WARN_OBJC_IMPLICIT_RETAIN_SELF = YES;
				CLANG_WARN_OBJC_LITERAL_CONVERSION = YES;
				CLANG_WARN_OBJC_ROOT_CLASS = YES_ERROR;
				CLANG_WARN_QUOTED_INCLUDE_IN_FRAMEWORK_HEADER = YES;
				CLANG_WARN_RANGE_LOOP_ANALYSIS = YES;
				CLANG_WARN_STRICT_PROTOTYPES = YES;
				CLANG_WARN_SUSPICIOUS_MOVE = YES;
				CLANG_WARN_UNGUARDED_AVAILABILITY = YES_AGGRESSIVE;
				CLANG_WARN_UNREACHABLE_CODE = YES;
				CLANG_WARN__DUPLICATE_METHOD_MATCH = YES;
				COPY_PHASE_STRIP = NO;
				DEBUG_INFORMATION_FORMAT = dwarf;
				ENABLE_STRICT_OBJC_MSGSEND = YES;
				ENABLE_TESTABILITY = YES;
				ENABLE_USER_SCRIPT_SANDBOXING = YES;
				GCC_C_LANGUAGE_STANDARD = gnu17;
				GCC_DYNAMIC_NO_PIC = NO;
				GCC_NO_COMMON_BLOCKS = YES;
				GCC_OPTIMIZATION_LEVEL = 0;
				GCC_PREPROCESSOR_DEFINITIONS = (
					"DEBUG=1",
					"$(inherited)",
				);
				GCC_WARN_64_TO_32_BIT_CONVERSION = YES;
				GCC_WARN_ABOUT_RETURN_TYPE = YES_ERROR;
				GCC_WARN_UNDECLARED_SELECTOR = YES;
				GCC_WARN_UNINITIALIZED_AUTOS = YES_AGGRESSIVE;
				GCC_WARN_UNUSED_FUNCTION = YES;
				GCC_WARN_UNUSED_VARIABLE = YES;
				IPHONEOS_DEPLOYMENT_TARGET = 17.2;
				LOCALIZATION_PREFERS_STRING_CATALOGS = YES;
				MTL_ENABLE_DEBUG_INFO = INCLUDE_SOURCE;
				MTL_FAST_MATH = YES;
				ONLY_ACTIVE_ARCH = YES;
				SDKROOT = iphoneos;
				SWIFT_ACTIVE_COMPILATION_CONDITIONS = "DEBUG $(inherited)";
				SWIFT_OPTIMIZATION_LEVEL = "-Onone";
			};
			name = Debug;
		};
		06C46E902B92CBC400F1D4E7 /* Release */ = {
			isa = XCBuildConfiguration;
			buildSettings = {
				ALWAYS_SEARCH_USER_PATHS = NO;
				ASSETCATALOG_COMPILER_GENERATE_SWIFT_ASSET_SYMBOL_EXTENSIONS = YES;
				CLANG_ANALYZER_NONNULL = YES;
				CLANG_ANALYZER_NUMBER_OBJECT_CONVERSION = YES_AGGRESSIVE;
				CLANG_CXX_LANGUAGE_STANDARD = "gnu++20";
				CLANG_ENABLE_MODULES = YES;
				CLANG_ENABLE_OBJC_ARC = YES;
				CLANG_ENABLE_OBJC_WEAK = YES;
				CLANG_WARN_BLOCK_CAPTURE_AUTORELEASING = YES;
				CLANG_WARN_BOOL_CONVERSION = YES;
				CLANG_WARN_COMMA = YES;
				CLANG_WARN_CONSTANT_CONVERSION = YES;
				CLANG_WARN_DEPRECATED_OBJC_IMPLEMENTATIONS = YES;
				CLANG_WARN_DIRECT_OBJC_ISA_USAGE = YES_ERROR;
				CLANG_WARN_DOCUMENTATION_COMMENTS = YES;
				CLANG_WARN_EMPTY_BODY = YES;
				CLANG_WARN_ENUM_CONVERSION = YES;
				CLANG_WARN_INFINITE_RECURSION = YES;
				CLANG_WARN_INT_CONVERSION = YES;
				CLANG_WARN_NON_LITERAL_NULL_CONVERSION = YES;
				CLANG_WARN_OBJC_IMPLICIT_RETAIN_SELF = YES;
				CLANG_WARN_OBJC_LITERAL_CONVERSION = YES;
				CLANG_WARN_OBJC_ROOT_CLASS = YES_ERROR;
				CLANG_WARN_QUOTED_INCLUDE_IN_FRAMEWORK_HEADER = YES;
				CLANG_WARN_RANGE_LOOP_ANALYSIS = YES;
				CLANG_WARN_STRICT_PROTOTYPES = YES;
				CLANG_WARN_SUSPICIOUS_MOVE = YES;
				CLANG_WARN_UNGUARDED_AVAILABILITY = YES_AGGRESSIVE;
				CLANG_WARN_UNREACHABLE_CODE = YES;
				CLANG_WARN__DUPLICATE_METHOD_MATCH = YES;
				COPY_PHASE_STRIP = NO;
				DEBUG_INFORMATION_FORMAT = "dwarf-with-dsym";
				ENABLE_NS_ASSERTIONS = NO;
				ENABLE_STRICT_OBJC_MSGSEND = YES;
				ENABLE_USER_SCRIPT_SANDBOXING = YES;
				GCC_C_LANGUAGE_STANDARD = gnu17;
				GCC_NO_COMMON_BLOCKS = YES;
				GCC_WARN_64_TO_32_BIT_CONVERSION = YES;
				GCC_WARN_ABOUT_RETURN_TYPE = YES_ERROR;
				GCC_WARN_UNDECLARED_SELECTOR = YES;
				GCC_WARN_UNINITIALIZED_AUTOS = YES_AGGRESSIVE;
				GCC_WARN_UNUSED_FUNCTION = YES;
				GCC_WARN_UNUSED_VARIABLE = YES;
				IPHONEOS_DEPLOYMENT_TARGET = 17.2;
				LOCALIZATION_PREFERS_STRING_CATALOGS = YES;
				MTL_ENABLE_DEBUG_INFO = NO;
				MTL_FAST_MATH = YES;
				SDKROOT = iphoneos;
				SWIFT_COMPILATION_MODE = wholemodule;
				VALIDATE_PRODUCT = YES;
			};
			name = Release;
		};
		06C46E922B92CBC400F1D4E7 /* Debug */ = {
			isa = XCBuildConfiguration;
			buildSettings = {
				ASSETCATALOG_COMPILER_APPICON_NAME = AppIcon;
				ASSETCATALOG_COMPILER_GLOBAL_ACCENT_COLOR_NAME = AccentColor;
				CODE_SIGN_STYLE = Automatic;
				CURRENT_PROJECT_VERSION = 1;
				DEVELOPMENT_TEAM = HFFR92H89Z;
				GENERATE_INFOPLIST_FILE = YES;
				INFOPLIST_FILE = "Mutithreading in Swift/Info.plist";
				INFOPLIST_KEY_UIApplicationSupportsIndirectInputEvents = YES;
				INFOPLIST_KEY_UILaunchStoryboardName = LaunchScreen;
				INFOPLIST_KEY_UIMainStoryboardFile = Main;
				INFOPLIST_KEY_UISupportedInterfaceOrientations_iPad = "UIInterfaceOrientationPortrait UIInterfaceOrientationPortraitUpsideDown UIInterfaceOrientationLandscapeLeft UIInterfaceOrientationLandscapeRight";
				INFOPLIST_KEY_UISupportedInterfaceOrientations_iPhone = "UIInterfaceOrientationPortrait UIInterfaceOrientationLandscapeLeft UIInterfaceOrientationLandscapeRight";
				LD_RUNPATH_SEARCH_PATHS = (
					"$(inherited)",
					"@executable_path/Frameworks",
				);
				MARKETING_VERSION = 1.0;
				PRODUCT_BUNDLE_IDENTIFIER = "com.example.Mutithreading-in-Swift";
				PRODUCT_NAME = "$(TARGET_NAME)";
				SUPPORTED_PLATFORMS = "iphoneos iphonesimulator";
				SUPPORTS_MACCATALYST = NO;
				SUPPORTS_MAC_DESIGNED_FOR_IPHONE_IPAD = NO;
				SUPPORTS_XR_DESIGNED_FOR_IPHONE_IPAD = NO;
				SWIFT_EMIT_LOC_STRINGS = YES;
				SWIFT_VERSION = 5.0;
				TARGETED_DEVICE_FAMILY = "1,2";
			};
			name = Debug;
		};
		06C46E932B92CBC400F1D4E7 /* Release */ = {
			isa = XCBuildConfiguration;
			buildSettings = {
				ASSETCATALOG_COMPILER_APPICON_NAME = AppIcon;
				ASSETCATALOG_COMPILER_GLOBAL_ACCENT_COLOR_NAME = AccentColor;
				CODE_SIGN_STYLE = Automatic;
				CURRENT_PROJECT_VERSION = 1;
				DEVELOPMENT_TEAM = HFFR92H89Z;
				GENERATE_INFOPLIST_FILE = YES;
				INFOPLIST_FILE = "Mutithreading in Swift/Info.plist";
				INFOPLIST_KEY_UIApplicationSupportsIndirectInputEvents = YES;
				INFOPLIST_KEY_UILaunchStoryboardName = LaunchScreen;
				INFOPLIST_KEY_UIMainStoryboardFile = Main;
				INFOPLIST_KEY_UISupportedInterfaceOrientations_iPad = "UIInterfaceOrientationPortrait UIInterfaceOrientationPortraitUpsideDown UIInterfaceOrientationLandscapeLeft UIInterfaceOrientationLandscapeRight";
				INFOPLIST_KEY_UISupportedInterfaceOrientations_iPhone = "UIInterfaceOrientationPortrait UIInterfaceOrientationLandscapeLeft UIInterfaceOrientationLandscapeRight";
				LD_RUNPATH_SEARCH_PATHS = (
					"$(inherited)",
					"@executable_path/Frameworks",
				);
				MARKETING_VERSION = 1.0;
				PRODUCT_BUNDLE_IDENTIFIER = "com.example.Mutithreading-in-Swift";
				PRODUCT_NAME = "$(TARGET_NAME)";
				SUPPORTED_PLATFORMS = "iphoneos iphonesimulator";
				SUPPORTS_MACCATALYST = NO;
				SUPPORTS_MAC_DESIGNED_FOR_IPHONE_IPAD = NO;
				SUPPORTS_XR_DESIGNED_FOR_IPHONE_IPAD = NO;
				SWIFT_EMIT_LOC_STRINGS = YES;
				SWIFT_VERSION = 5.0;
				TARGETED_DEVICE_FAMILY = "1,2";
			};
			name = Release;
		};
		06C46E952B92CBC400F1D4E7 /* Debug */ = {
			isa = XCBuildConfiguration;
			buildSettings = {
				ALWAYS_EMBED_SWIFT_STANDARD_LIBRARIES = YES;
				BUNDLE_LOADER = "$(TEST_HOST)";
				CODE_SIGN_STYLE = Automatic;
				CURRENT_PROJECT_VERSION = 1;
				DEVELOPMENT_TEAM = HFFR92H89Z;
				GENERATE_INFOPLIST_FILE = YES;
				IPHONEOS_DEPLOYMENT_TARGET = 17.2;
				MARKETING_VERSION = 1.0;
				PRODUCT_BUNDLE_IDENTIFIER = "com.example.Mutithreading-in-SwiftTests";
				PRODUCT_NAME = "$(TARGET_NAME)";
				SWIFT_EMIT_LOC_STRINGS = NO;
				SWIFT_VERSION = 5.0;
				TARGETED_DEVICE_FAMILY = "1,2";
				TEST_HOST = "$(BUILT_PRODUCTS_DIR)/Mutithreading in Swift.app/$(BUNDLE_EXECUTABLE_FOLDER_PATH)/Mutithreading in Swift";
			};
			name = Debug;
		};
		06C46E962B92CBC400F1D4E7 /* Release */ = {
			isa = XCBuildConfiguration;
			buildSettings = {
				ALWAYS_EMBED_SWIFT_STANDARD_LIBRARIES = YES;
				BUNDLE_LOADER = "$(TEST_HOST)";
				CODE_SIGN_STYLE = Automatic;
				CURRENT_PROJECT_VERSION = 1;
				DEVELOPMENT_TEAM = HFFR92H89Z;
				GENERATE_INFOPLIST_FILE = YES;
				IPHONEOS_DEPLOYMENT_TARGET = 17.2;
				MARKETING_VERSION = 1.0;
				PRODUCT_BUNDLE_IDENTIFIER = "com.example.Mutithreading-in-SwiftTests";
				PRODUCT_NAME = "$(TARGET_NAME)";
				SWIFT_EMIT_LOC_STRINGS = NO;
				SWIFT_VERSION = 5.0;
				TARGETED_DEVICE_FAMILY = "1,2";
				TEST_HOST = "$(BUILT_PRODUCTS_DIR)/Mutithreading in Swift.app/$(BUNDLE_EXECUTABLE_FOLDER_PATH)/Mutithreading in Swift";
			};
			name = Release;
		};
		06C46E982B92CBC400F1D4E7 /* Debug */ = {
			isa = XCBuildConfiguration;
			buildSettings = {
				ALWAYS_EMBED_SWIFT_STANDARD_LIBRARIES = YES;
				CODE_SIGN_STYLE = Automatic;
				CURRENT_PROJECT_VERSION = 1;
				DEVELOPMENT_TEAM = HFFR92H89Z;
				GENERATE_INFOPLIST_FILE = YES;
				MARKETING_VERSION = 1.0;
				PRODUCT_BUNDLE_IDENTIFIER = "com.example.Mutithreading-in-SwiftUITests";
				PRODUCT_NAME = "$(TARGET_NAME)";
				SWIFT_EMIT_LOC_STRINGS = NO;
				SWIFT_VERSION = 5.0;
				TARGETED_DEVICE_FAMILY = "1,2";
				TEST_TARGET_NAME = "Mutithreading in Swift";
			};
			name = Debug;
		};
		06C46E992B92CBC400F1D4E7 /* Release */ = {
			isa = XCBuildConfiguration;
			buildSettings = {
				ALWAYS_EMBED_SWIFT_STANDARD_LIBRARIES = YES;
				CODE_SIGN_STYLE = Automatic;
				CURRENT_PROJECT_VERSION = 1;
				DEVELOPMENT_TEAM = HFFR92H89Z;
				GENERATE_INFOPLIST_FILE = YES;
				MARKETING_VERSION = 1.0;
				PRODUCT_BUNDLE_IDENTIFIER = "com.example.Mutithreading-in-SwiftUITests";
				PRODUCT_NAME = "$(TARGET_NAME)";
				SWIFT_EMIT_LOC_STRINGS = NO;
				SWIFT_VERSION = 5.0;
				TARGETED_DEVICE_FAMILY = "1,2";
				TEST_TARGET_NAME = "Mutithreading in Swift";
			};
			name = Release;
		};
/* End XCBuildConfiguration section */

/* Begin XCConfigurationList section */
		06C46E622B92CBC200F1D4E7 /* Build configuration list for PBXProject "Mutithreading in Swift" */ = {
			isa = XCConfigurationList;
			buildConfigurations = (
				06C46E8F2B92CBC400F1D4E7 /* Debug */,
				06C46E902B92CBC400F1D4E7 /* Release */,
			);
			defaultConfigurationIsVisible = 0;
			defaultConfigurationName = Release;
		};
		06C46E912B92CBC400F1D4E7 /* Build configuration list for PBXNativeTarget "Mutithreading in Swift" */ = {
			isa = XCConfigurationList;
			buildConfigurations = (
				06C46E922B92CBC400F1D4E7 /* Debug */,
				06C46E932B92CBC400F1D4E7 /* Release */,
			);
			defaultConfigurationIsVisible = 0;
			defaultConfigurationName = Release;
		};
		06C46E942B92CBC400F1D4E7 /* Build configuration list for PBXNativeTarget "Mutithreading in SwiftTests" */ = {
			isa = XCConfigurationList;
			buildConfigurations = (
				06C46E952B92CBC400F1D4E7 /* Debug */,
				06C46E962B92CBC400F1D4E7 /* Release */,
			);
			defaultConfigurationIsVisible = 0;
			defaultConfigurationName = Release;
		};
		06C46E972B92CBC400F1D4E7 /* Build configuration list for PBXNativeTarget "Mutithreading in SwiftUITests" */ = {
			isa = XCConfigurationList;
			buildConfigurations = (
				06C46E982B92CBC400F1D4E7 /* Debug */,
				06C46E992B92CBC400F1D4E7 /* Release */,
			);
			defaultConfigurationIsVisible = 0;
			defaultConfigurationName = Release;
		};
/* End XCConfigurationList section */
	};
	rootObject = 06C46E5F2B92CBC200F1D4E7 /* Project object */;
}
